
Microsoft Visual Studio Solution File, Format Version 12.00
# Visual Studio Version 16
VisualStudioVersion = 25.0.1706.14
MinimumVisualStudioVersion = 10.0.40219.1
Project("{FAE04EC0-301F-11D3-BF4B-00C04F79EFBC}") = "Webservice", "Webservice\Webservice.csproj", "{E4C59C1E-D689-4A8C-A167-617F2E480A6B}"
EndProject
Project("{FAE04EC0-301F-11D3-BF4B-00C04F79EFBC}") = "SoapConsumer", "SoapConsumer\SoapConsumer.csproj", "{47E9D020-E49C-4720-AE61-B587F6823AD1}"
EndProject
Project("{FAE04EC0-301F-11D3-BF4B-00C04F79EFBC}") = "Logger", "Logger\Logger.csproj", "{3CD4BBAE-5D43-428B-B1F4-1B6327230AEB}"
EndProject
Global
	GlobalSection(SolutionConfigurationPlatforms) = preSolution
		Debug|Any CPU = Debug|Any CPU
		Release|Any CPU = Release|Any CPU
	EndGlobalSection
	GlobalSection(ProjectConfigurationPlatforms) = postSolution
		{E4C59C1E-D689-4A8C-A167-617F2E480A6B}.Debug|Any CPU.ActiveCfg = Debug|Any CPU
		{E4C59C1E-D689-4A8C-A167-617F2E480A6B}.Debug|Any CPU.Build.0 = Debug|Any CPU
		{E4C59C1E-D689-4A8C-A167-617F2E480A6B}.Release|Any CPU.ActiveCfg = Release|Any CPU
		{E4C59C1E-D689-4A8C-A167-617F2E480A6B}.Release|Any CPU.Build.0 = Release|Any CPU
		{47E9D020-E49C-4720-AE61-B587F6823AD1}.Debug|Any CPU.ActiveCfg = Debug|Any CPU
		{47E9D020-E49C-4720-AE61-B587F6823AD1}.Debug|Any CPU.Build.0 = Debug|Any CPU
		{47E9D020-E49C-4720-AE61-B587F6823AD1}.Release|Any CPU.ActiveCfg = Release|Any CPU
		{47E9D020-E49C-4720-AE61-B587F6823AD1}.Release|Any CPU.Build.0 = Release|Any CPU
		{3CD4BBAE-5D43-428B-B1F4-1B6327230AEB}.Debug|Any CPU.ActiveCfg = Debug|Any CPU
		{3CD4BBAE-5D43-428B-B1F4-1B6327230AEB}.Debug|Any CPU.Build.0 = Debug|Any CPU
		{3CD4BBAE-5D43-428B-B1F4-1B6327230AEB}.Release|Any CPU.ActiveCfg = Release|Any CPU
		{3CD4BBAE-5D43-428B-B1F4-1B6327230AEB}.Release|Any CPU.Build.0 = Release|Any CPU
	EndGlobalSection
	GlobalSection(SolutionProperties) = preSolution
		HideSolutionNode = FALSE
	EndGlobalSection
	GlobalSection(ExtensibilityGlobals) = postSolution
		SolutionGuid = {1BC2973A-F251-43D3-AF21-2AF05D8290D1}
	EndGlobalSection
EndGlobal
